# This file is automatically @generated by Cargo.
# It is not intended for manual editing.
version = 4

[[package]]
name = "block"
version = "0.1.0"

[[package]]
name = "collections"
version = "0.1.0"
dependencies = [
 "log",
]

[[package]]
name = "fs"
version = "0.1.0"
dependencies = [
 "block",
 "collections",
]

[[package]]
name = "graphics"
version = "0.1.0"

[[package]]
name = "input"
version = "0.1.0"

[[package]]
name = "log"
version = "0.1.0"

[[package]]
name = "max_os"
version = "0.1.0"
dependencies = [
 "block",
 "collections",
 "fs",
 "graphics",
 "input",
 "log",
 "mem",
 "mmio",
 "net",
 "sdt",
 "sync",
 "virtio",
]

[[package]]
name = "mem"
version = "0.1.0"
dependencies = [
 "collections",
]

[[package]]
name = "mmio"
version = "0.1.0"
dependencies = [
 "log",
 "sdt",
]

[[package]]
name = "net"
version = "0.1.0"

[[package]]
name = "sdt"
version = "0.1.0"
dependencies = [
 "collections",
 "log",
 "mem",
 "sync",
]

[[package]]
name = "sync"
version = "0.1.0"

[[package]]
name = "virtio"
version = "0.1.0"
dependencies = [
 "mem",
 "mmio",
]
