# This file is automatically @generated by Cargo.
# It is not intended for manual editing.
version = 4

[[package]]
name = "core_utils"
version = "0.1.0"

[[package]]
name = "log"
version = "0.1.0"
dependencies = [
 "core_utils",
]

[[package]]
name = "max_os"
version = "0.1.0"
dependencies = [
 "core_utils",
 "log",
 "sdt",
]

[[package]]
name = "sdt"
version = "0.1.0"
dependencies = [
 "core_utils",
]
